
Microsoft Visual Studio Solution File, Format Version 12.00
# Visual Studio Version 17
VisualStudioVersion = 17.6.33829.357
MinimumVisualStudioVersion = 10.0.40219.1
Project("{8BC9CEB8-8B4A-11D0-8D11-00A0C91BC942}") = "d3d10", "dll\directx_vista\d3d10\d3d10.vcxproj", "{B5D28B17-D508-4742-A91A-E29E29FD2188}"
EndProject
Project("{8BC9CEB8-8B4A-11D0-8D11-00A0C91BC942}") = "dxgi", "dll\directx_vista\dxgi\dxgi.vcxproj", "{7EF62916-C457-467B-9DC5-A1F5CE1A8879}"
EndProject
Project("{8BC9CEB8-8B4A-11D0-8D11-00A0C91BC942}") = "my_tests", "modules\my_tests\my_tests.vcxproj", "{C183AFE3-FA7A-442B-A1F4-571F0EDF7E83}"
EndProject
Project("{8BC9CEB8-8B4A-11D0-8D11-00A0C91BC942}") = "dxgidebug", "dll\directx_vista\dxgidebug\dxgidebug.vcxproj", "{9E4D23EE-7A65-4DE1-98A8-E150450E6E79}"
EndProject
Project("{8BC9CEB8-8B4A-11D0-8D11-00A0C91BC942}") = "my_test_unrefdll", "modules\my_test_unrefdll\my_test_unrefdll.vcxproj", "{FB702773-280F-4438-A9C2-4E55FEE356AB}"
EndProject
Project("{2150E333-8FDC-42A3-9474-1A3956D46DE8}") = "Tests", "Tests", "{CEA11DB6-4897-40F6-B324-12010BC49758}"
EndProject
Project("{8BC9CEB8-8B4A-11D0-8D11-00A0C91BC942}") = "run_dxdiag", "modules\run_dxdiag\run_dxdiag.vcxproj", "{425AF694-E4DD-4718-B327-025ABA32F878}"
EndProject
Project("{8BC9CEB8-8B4A-11D0-8D11-00A0C91BC942}") = "d3d10_hello_world", "modules\d3d10_hello_world\d3d10_hello_world.vcxproj", "{33FA03C5-C3A4-4C7A-906F-743E3A71BAFD}"
EndProject
Project("{2150E333-8FDC-42A3-9474-1A3956D46DE8}") = "DXGI components", "DXGI components", "{7B5E2B72-4559-42B3-BBA2-154E9259D98C}"
EndProject
Project("{8BC9CEB8-8B4A-11D0-8D11-00A0C91BC942}") = "dxgishared", "dll\directx_vista\dxgishared\dxgishared.vcxproj", "{022DE804-22BE-4BC6-88E9-0B9BB873C4CC}"
EndProject
Project("{2150E333-8FDC-42A3-9474-1A3956D46DE8}") = "DirectX10", "DirectX10", "{770CBAB4-B0A2-4D07-8038-6C5EE191645A}"
EndProject
Project("{2150E333-8FDC-42A3-9474-1A3956D46DE8}") = "DirectX11", "DirectX11", "{2733DCFD-B317-4319-9E23-E44328DD291E}"
EndProject
Project("{8BC9CEB8-8B4A-11D0-8D11-00A0C91BC942}") = "dxguid", "dll\directx_vista\dxguid\dxguid.vcxproj", "{69FB1DD0-9D45-4768-9B52-0DF84B7CC820}"
EndProject
Global
	GlobalSection(SolutionConfigurationPlatforms) = preSolution
		Debug|x64 = Debug|x64
		Debug|x86 = Debug|x86
		Debug-xp|x64 = Debug-xp|x64
		Debug-xp|x86 = Debug-xp|x86
		Release|x64 = Release|x64
		Release|x86 = Release|x86
		Release-xp|x64 = Release-xp|x64
		Release-xp|x86 = Release-xp|x86
	EndGlobalSection
	GlobalSection(ProjectConfigurationPlatforms) = postSolution
		{B5D28B17-D508-4742-A91A-E29E29FD2188}.Debug|x64.ActiveCfg = Debug|x64
		{B5D28B17-D508-4742-A91A-E29E29FD2188}.Debug|x64.Build.0 = Debug|x64
		{B5D28B17-D508-4742-A91A-E29E29FD2188}.Debug|x86.ActiveCfg = Debug|Win32
		{B5D28B17-D508-4742-A91A-E29E29FD2188}.Debug|x86.Build.0 = Debug|Win32
		{B5D28B17-D508-4742-A91A-E29E29FD2188}.Debug-xp|x64.ActiveCfg = Debug-xp|x64
		{B5D28B17-D508-4742-A91A-E29E29FD2188}.Debug-xp|x64.Build.0 = Debug-xp|x64
		{B5D28B17-D508-4742-A91A-E29E29FD2188}.Debug-xp|x86.ActiveCfg = Debug-xp|Win32
		{B5D28B17-D508-4742-A91A-E29E29FD2188}.Debug-xp|x86.Build.0 = Debug-xp|Win32
		{B5D28B17-D508-4742-A91A-E29E29FD2188}.Release|x64.ActiveCfg = Release|x64
		{B5D28B17-D508-4742-A91A-E29E29FD2188}.Release|x64.Build.0 = Release|x64
		{B5D28B17-D508-4742-A91A-E29E29FD2188}.Release|x86.ActiveCfg = Release|Win32
		{B5D28B17-D508-4742-A91A-E29E29FD2188}.Release|x86.Build.0 = Release|Win32
		{B5D28B17-D508-4742-A91A-E29E29FD2188}.Release-xp|x64.ActiveCfg = Release-xp|x64
		{B5D28B17-D508-4742-A91A-E29E29FD2188}.Release-xp|x64.Build.0 = Release-xp|x64
		{B5D28B17-D508-4742-A91A-E29E29FD2188}.Release-xp|x86.ActiveCfg = Release-xp|Win32
		{B5D28B17-D508-4742-A91A-E29E29FD2188}.Release-xp|x86.Build.0 = Release-xp|Win32
		{7EF62916-C457-467B-9DC5-A1F5CE1A8879}.Debug|x64.ActiveCfg = Debug|x64
		{7EF62916-C457-467B-9DC5-A1F5CE1A8879}.Debug|x64.Build.0 = Debug|x64
		{7EF62916-C457-467B-9DC5-A1F5CE1A8879}.Debug|x86.ActiveCfg = Debug|Win32
		{7EF62916-C457-467B-9DC5-A1F5CE1A8879}.Debug|x86.Build.0 = Debug|Win32
		{7EF62916-C457-467B-9DC5-A1F5CE1A8879}.Debug-xp|x64.ActiveCfg = Debug-xp|x64
		{7EF62916-C457-467B-9DC5-A1F5CE1A8879}.Debug-xp|x64.Build.0 = Debug-xp|x64
		{7EF62916-C457-467B-9DC5-A1F5CE1A8879}.Debug-xp|x86.ActiveCfg = Debug-xp|Win32
		{7EF62916-C457-467B-9DC5-A1F5CE1A8879}.Debug-xp|x86.Build.0 = Debug-xp|Win32
		{7EF62916-C457-467B-9DC5-A1F5CE1A8879}.Release|x64.ActiveCfg = Release|x64
		{7EF62916-C457-467B-9DC5-A1F5CE1A8879}.Release|x64.Build.0 = Release|x64
		{7EF62916-C457-467B-9DC5-A1F5CE1A8879}.Release|x86.ActiveCfg = Release|Win32
		{7EF62916-C457-467B-9DC5-A1F5CE1A8879}.Release|x86.Build.0 = Release|Win32
		{7EF62916-C457-467B-9DC5-A1F5CE1A8879}.Release-xp|x64.ActiveCfg = Release-xp|x64
		{7EF62916-C457-467B-9DC5-A1F5CE1A8879}.Release-xp|x64.Build.0 = Release-xp|x64
		{7EF62916-C457-467B-9DC5-A1F5CE1A8879}.Release-xp|x86.ActiveCfg = Release-xp|Win32
		{7EF62916-C457-467B-9DC5-A1F5CE1A8879}.Release-xp|x86.Build.0 = Release-xp|Win32
		{C183AFE3-FA7A-442B-A1F4-571F0EDF7E83}.Debug|x64.ActiveCfg = Debug|x64
		{C183AFE3-FA7A-442B-A1F4-571F0EDF7E83}.Debug|x64.Build.0 = Debug|x64
		{C183AFE3-FA7A-442B-A1F4-571F0EDF7E83}.Debug|x86.ActiveCfg = Debug|Win32
		{C183AFE3-FA7A-442B-A1F4-571F0EDF7E83}.Debug|x86.Build.0 = Debug|Win32
		{C183AFE3-FA7A-442B-A1F4-571F0EDF7E83}.Debug-xp|x64.ActiveCfg = Debug-xp|x64
		{C183AFE3-FA7A-442B-A1F4-571F0EDF7E83}.Debug-xp|x64.Build.0 = Debug-xp|x64
		{C183AFE3-FA7A-442B-A1F4-571F0EDF7E83}.Debug-xp|x86.ActiveCfg = Debug-xp|Win32
		{C183AFE3-FA7A-442B-A1F4-571F0EDF7E83}.Debug-xp|x86.Build.0 = Debug-xp|Win32
		{C183AFE3-FA7A-442B-A1F4-571F0EDF7E83}.Release|x64.ActiveCfg = Release|x64
		{C183AFE3-FA7A-442B-A1F4-571F0EDF7E83}.Release|x64.Build.0 = Release|x64
		{C183AFE3-FA7A-442B-A1F4-571F0EDF7E83}.Release|x86.ActiveCfg = Release|Win32
		{C183AFE3-FA7A-442B-A1F4-571F0EDF7E83}.Release|x86.Build.0 = Release|Win32
		{C183AFE3-FA7A-442B-A1F4-571F0EDF7E83}.Release-xp|x64.ActiveCfg = Release-xp|x64
		{C183AFE3-FA7A-442B-A1F4-571F0EDF7E83}.Release-xp|x64.Build.0 = Release-xp|x64
		{C183AFE3-FA7A-442B-A1F4-571F0EDF7E83}.Release-xp|x86.ActiveCfg = Release-xp|Win32
		{C183AFE3-FA7A-442B-A1F4-571F0EDF7E83}.Release-xp|x86.Build.0 = Release-xp|Win32
		{9E4D23EE-7A65-4DE1-98A8-E150450E6E79}.Debug|x64.ActiveCfg = Debug|x64
		{9E4D23EE-7A65-4DE1-98A8-E150450E6E79}.Debug|x64.Build.0 = Debug|x64
		{9E4D23EE-7A65-4DE1-98A8-E150450E6E79}.Debug|x86.ActiveCfg = Debug|Win32
		{9E4D23EE-7A65-4DE1-98A8-E150450E6E79}.Debug|x86.Build.0 = Debug|Win32
		{9E4D23EE-7A65-4DE1-98A8-E150450E6E79}.Debug-xp|x64.ActiveCfg = Debug-xp|x64
		{9E4D23EE-7A65-4DE1-98A8-E150450E6E79}.Debug-xp|x64.Build.0 = Debug-xp|x64
		{9E4D23EE-7A65-4DE1-98A8-E150450E6E79}.Debug-xp|x86.ActiveCfg = Debug-xp|Win32
		{9E4D23EE-7A65-4DE1-98A8-E150450E6E79}.Debug-xp|x86.Build.0 = Debug-xp|Win32
		{9E4D23EE-7A65-4DE1-98A8-E150450E6E79}.Release|x64.ActiveCfg = Release|x64
		{9E4D23EE-7A65-4DE1-98A8-E150450E6E79}.Release|x64.Build.0 = Release|x64
		{9E4D23EE-7A65-4DE1-98A8-E150450E6E79}.Release|x86.ActiveCfg = Release|Win32
		{9E4D23EE-7A65-4DE1-98A8-E150450E6E79}.Release|x86.Build.0 = Release|Win32
		{9E4D23EE-7A65-4DE1-98A8-E150450E6E79}.Release-xp|x64.ActiveCfg = Release-xp|x64
		{9E4D23EE-7A65-4DE1-98A8-E150450E6E79}.Release-xp|x64.Build.0 = Release-xp|x64
		{9E4D23EE-7A65-4DE1-98A8-E150450E6E79}.Release-xp|x86.ActiveCfg = Release-xp|Win32
		{9E4D23EE-7A65-4DE1-98A8-E150450E6E79}.Release-xp|x86.Build.0 = Release-xp|Win32
		{FB702773-280F-4438-A9C2-4E55FEE356AB}.Debug|x64.ActiveCfg = Debug|x64
		{FB702773-280F-4438-A9C2-4E55FEE356AB}.Debug|x64.Build.0 = Debug|x64
		{FB702773-280F-4438-A9C2-4E55FEE356AB}.Debug|x86.ActiveCfg = Debug|Win32
		{FB702773-280F-4438-A9C2-4E55FEE356AB}.Debug|x86.Build.0 = Debug|Win32
		{FB702773-280F-4438-A9C2-4E55FEE356AB}.Debug-xp|x64.ActiveCfg = Debug-xp|x64
		{FB702773-280F-4438-A9C2-4E55FEE356AB}.Debug-xp|x64.Build.0 = Debug-xp|x64
		{FB702773-280F-4438-A9C2-4E55FEE356AB}.Debug-xp|x86.ActiveCfg = Debug-xp|Win32
		{FB702773-280F-4438-A9C2-4E55FEE356AB}.Debug-xp|x86.Build.0 = Debug-xp|Win32
		{FB702773-280F-4438-A9C2-4E55FEE356AB}.Release|x64.ActiveCfg = Release|x64
		{FB702773-280F-4438-A9C2-4E55FEE356AB}.Release|x64.Build.0 = Release|x64
		{FB702773-280F-4438-A9C2-4E55FEE356AB}.Release|x86.ActiveCfg = Release|Win32
		{FB702773-280F-4438-A9C2-4E55FEE356AB}.Release|x86.Build.0 = Release|Win32
		{FB702773-280F-4438-A9C2-4E55FEE356AB}.Release-xp|x64.ActiveCfg = Release-xp|x64
		{FB702773-280F-4438-A9C2-4E55FEE356AB}.Release-xp|x64.Build.0 = Release-xp|x64
		{FB702773-280F-4438-A9C2-4E55FEE356AB}.Release-xp|x86.ActiveCfg = Release-xp|Win32
		{FB702773-280F-4438-A9C2-4E55FEE356AB}.Release-xp|x86.Build.0 = Release-xp|Win32
		{425AF694-E4DD-4718-B327-025ABA32F878}.Debug|x64.ActiveCfg = Debug|x64
		{425AF694-E4DD-4718-B327-025ABA32F878}.Debug|x64.Build.0 = Debug|x64
		{425AF694-E4DD-4718-B327-025ABA32F878}.Debug|x86.ActiveCfg = Debug|Win32
		{425AF694-E4DD-4718-B327-025ABA32F878}.Debug|x86.Build.0 = Debug|Win32
		{425AF694-E4DD-4718-B327-025ABA32F878}.Debug-xp|x64.ActiveCfg = Debug-xp|x64
		{425AF694-E4DD-4718-B327-025ABA32F878}.Debug-xp|x64.Build.0 = Debug-xp|x64
		{425AF694-E4DD-4718-B327-025ABA32F878}.Debug-xp|x86.ActiveCfg = Debug-xp|Win32
		{425AF694-E4DD-4718-B327-025ABA32F878}.Debug-xp|x86.Build.0 = Debug-xp|Win32
		{425AF694-E4DD-4718-B327-025ABA32F878}.Release|x64.ActiveCfg = Release|x64
		{425AF694-E4DD-4718-B327-025ABA32F878}.Release|x64.Build.0 = Release|x64
		{425AF694-E4DD-4718-B327-025ABA32F878}.Release|x86.ActiveCfg = Release|Win32
		{425AF694-E4DD-4718-B327-025ABA32F878}.Release|x86.Build.0 = Release|Win32
		{425AF694-E4DD-4718-B327-025ABA32F878}.Release-xp|x64.ActiveCfg = Release-xp|x64
		{425AF694-E4DD-4718-B327-025ABA32F878}.Release-xp|x64.Build.0 = Release-xp|x64
		{425AF694-E4DD-4718-B327-025ABA32F878}.Release-xp|x86.ActiveCfg = Release-xp|Win32
		{425AF694-E4DD-4718-B327-025ABA32F878}.Release-xp|x86.Build.0 = Release-xp|Win32
		{33FA03C5-C3A4-4C7A-906F-743E3A71BAFD}.Debug|x64.ActiveCfg = Debug|x64
		{33FA03C5-C3A4-4C7A-906F-743E3A71BAFD}.Debug|x64.Build.0 = Debug|x64
		{33FA03C5-C3A4-4C7A-906F-743E3A71BAFD}.Debug|x86.ActiveCfg = Debug|Win32
		{33FA03C5-C3A4-4C7A-906F-743E3A71BAFD}.Debug|x86.Build.0 = Debug|Win32
		{33FA03C5-C3A4-4C7A-906F-743E3A71BAFD}.Debug-xp|x64.ActiveCfg = Debug-xp|x64
		{33FA03C5-C3A4-4C7A-906F-743E3A71BAFD}.Debug-xp|x64.Build.0 = Debug-xp|x64
		{33FA03C5-C3A4-4C7A-906F-743E3A71BAFD}.Debug-xp|x86.ActiveCfg = Debug-xp|Win32
		{33FA03C5-C3A4-4C7A-906F-743E3A71BAFD}.Debug-xp|x86.Build.0 = Debug-xp|Win32
		{33FA03C5-C3A4-4C7A-906F-743E3A71BAFD}.Release|x64.ActiveCfg = Release|x64
		{33FA03C5-C3A4-4C7A-906F-743E3A71BAFD}.Release|x64.Build.0 = Release|x64
		{33FA03C5-C3A4-4C7A-906F-743E3A71BAFD}.Release|x86.ActiveCfg = Release|Win32
		{33FA03C5-C3A4-4C7A-906F-743E3A71BAFD}.Release|x86.Build.0 = Release|Win32
		{33FA03C5-C3A4-4C7A-906F-743E3A71BAFD}.Release-xp|x64.ActiveCfg = Release-xp|x64
		{33FA03C5-C3A4-4C7A-906F-743E3A71BAFD}.Release-xp|x64.Build.0 = Release-xp|x64
		{33FA03C5-C3A4-4C7A-906F-743E3A71BAFD}.Release-xp|x86.ActiveCfg = Release-xp|Win32
		{33FA03C5-C3A4-4C7A-906F-743E3A71BAFD}.Release-xp|x86.Build.0 = Release-xp|Win32
		{022DE804-22BE-4BC6-88E9-0B9BB873C4CC}.Debug|x64.ActiveCfg = Debug|x64
		{022DE804-22BE-4BC6-88E9-0B9BB873C4CC}.Debug|x64.Build.0 = Debug|x64
		{022DE804-22BE-4BC6-88E9-0B9BB873C4CC}.Debug|x86.ActiveCfg = Debug|Win32
		{022DE804-22BE-4BC6-88E9-0B9BB873C4CC}.Debug|x86.Build.0 = Debug|Win32
		{022DE804-22BE-4BC6-88E9-0B9BB873C4CC}.Debug-xp|x64.ActiveCfg = Debug|x64
		{022DE804-22BE-4BC6-88E9-0B9BB873C4CC}.Debug-xp|x64.Build.0 = Debug|x64
		{022DE804-22BE-4BC6-88E9-0B9BB873C4CC}.Debug-xp|x86.ActiveCfg = Debug-xp|Win32
		{022DE804-22BE-4BC6-88E9-0B9BB873C4CC}.Debug-xp|x86.Build.0 = Debug-xp|Win32
		{022DE804-22BE-4BC6-88E9-0B9BB873C4CC}.Release|x64.ActiveCfg = Release|x64
		{022DE804-22BE-4BC6-88E9-0B9BB873C4CC}.Release|x64.Build.0 = Release|x64
		{022DE804-22BE-4BC6-88E9-0B9BB873C4CC}.Release|x86.ActiveCfg = Release|Win32
		{022DE804-22BE-4BC6-88E9-0B9BB873C4CC}.Release|x86.Build.0 = Release|Win32
		{022DE804-22BE-4BC6-88E9-0B9BB873C4CC}.Release-xp|x64.ActiveCfg = Release|x64
		{022DE804-22BE-4BC6-88E9-0B9BB873C4CC}.Release-xp|x64.Build.0 = Release|x64
		{022DE804-22BE-4BC6-88E9-0B9BB873C4CC}.Release-xp|x86.ActiveCfg = Release-xp|Win32
		{022DE804-22BE-4BC6-88E9-0B9BB873C4CC}.Release-xp|x86.Build.0 = Release-xp|Win32
		{69FB1DD0-9D45-4768-9B52-0DF84B7CC820}.Debug|x64.ActiveCfg = Debug|x64
		{69FB1DD0-9D45-4768-9B52-0DF84B7CC820}.Debug|x64.Build.0 = Debug|x64
		{69FB1DD0-9D45-4768-9B52-0DF84B7CC820}.Debug|x86.ActiveCfg = Debug|Win32
		{69FB1DD0-9D45-4768-9B52-0DF84B7CC820}.Debug|x86.Build.0 = Debug|Win32
		{69FB1DD0-9D45-4768-9B52-0DF84B7CC820}.Debug-xp|x64.ActiveCfg = Debug|x64
		{69FB1DD0-9D45-4768-9B52-0DF84B7CC820}.Debug-xp|x64.Build.0 = Debug|x64
		{69FB1DD0-9D45-4768-9B52-0DF84B7CC820}.Debug-xp|x86.ActiveCfg = Debug-xp|Win32
		{69FB1DD0-9D45-4768-9B52-0DF84B7CC820}.Debug-xp|x86.Build.0 = Debug-xp|Win32
		{69FB1DD0-9D45-4768-9B52-0DF84B7CC820}.Release|x64.ActiveCfg = Release|x64
		{69FB1DD0-9D45-4768-9B52-0DF84B7CC820}.Release|x64.Build.0 = Release|x64
		{69FB1DD0-9D45-4768-9B52-0DF84B7CC820}.Release|x86.ActiveCfg = Release|Win32
		{69FB1DD0-9D45-4768-9B52-0DF84B7CC820}.Release|x86.Build.0 = Release|Win32
		{69FB1DD0-9D45-4768-9B52-0DF84B7CC820}.Release-xp|x64.ActiveCfg = Release|x64
		{69FB1DD0-9D45-4768-9B52-0DF84B7CC820}.Release-xp|x64.Build.0 = Release|x64
		{69FB1DD0-9D45-4768-9B52-0DF84B7CC820}.Release-xp|x86.ActiveCfg = Release|Win32
		{69FB1DD0-9D45-4768-9B52-0DF84B7CC820}.Release-xp|x86.Build.0 = Release|Win32
	EndGlobalSection
	GlobalSection(SolutionProperties) = preSolution
		HideSolutionNode = FALSE
	EndGlobalSection
	GlobalSection(NestedProjects) = preSolution
		{B5D28B17-D508-4742-A91A-E29E29FD2188} = {770CBAB4-B0A2-4D07-8038-6C5EE191645A}
		{7EF62916-C457-467B-9DC5-A1F5CE1A8879} = {7B5E2B72-4559-42B3-BBA2-154E9259D98C}
		{C183AFE3-FA7A-442B-A1F4-571F0EDF7E83} = {CEA11DB6-4897-40F6-B324-12010BC49758}
		{9E4D23EE-7A65-4DE1-98A8-E150450E6E79} = {7B5E2B72-4559-42B3-BBA2-154E9259D98C}
		{FB702773-280F-4438-A9C2-4E55FEE356AB} = {CEA11DB6-4897-40F6-B324-12010BC49758}
		{425AF694-E4DD-4718-B327-025ABA32F878} = {CEA11DB6-4897-40F6-B324-12010BC49758}
		{33FA03C5-C3A4-4C7A-906F-743E3A71BAFD} = {CEA11DB6-4897-40F6-B324-12010BC49758}
		{022DE804-22BE-4BC6-88E9-0B9BB873C4CC} = {7B5E2B72-4559-42B3-BBA2-154E9259D98C}
		{69FB1DD0-9D45-4768-9B52-0DF84B7CC820} = {7B5E2B72-4559-42B3-BBA2-154E9259D98C}
	EndGlobalSection
	GlobalSection(ExtensibilityGlobals) = postSolution
		SolutionGuid = {BC262596-08B1-4E7A-9A5A-8CB4AB2DFEB0}
	EndGlobalSection
EndGlobal
