
Microsoft Visual Studio Solution File, Format Version 11.00
# Visual Studio 2010
Project("{8BC9CEB8-8B4A-11D0-8D11-00A0C91BC942}") = "do_query_test_vs2010", "do_query_test_vs2010.vcxproj", "{E8F423A9-AEF9-4034-9F4D-6679765539D7}"
EndProject
Global
	GlobalSection(SolutionConfigurationPlatforms) = preSolution
		Debug|Win32 = Debug|Win32
		Release|Win32 = Release|Win32
	EndGlobalSection
	GlobalSection(ProjectConfigurationPlatforms) = postSolution
		{E8F423A9-AEF9-4034-9F4D-6679765539D7}.Debug|Win32.ActiveCfg = Debug|Win32
		{E8F423A9-AEF9-4034-9F4D-6679765539D7}.Debug|Win32.Build.0 = Debug|Win32
		{E8F423A9-AEF9-4034-9F4D-6679765539D7}.Release|Win32.ActiveCfg = Release|Win32
		{E8F423A9-AEF9-4034-9F4D-6679765539D7}.Release|Win32.Build.0 = Release|Win32
	EndGlobalSection
	GlobalSection(SolutionProperties) = preSolution
		HideSolutionNode = FALSE
	EndGlobalSection
EndGlobal
