<?xml version="1.0" encoding="utf-8"?>
<Project ToolsVersion="4.0" xmlns="http://schemas.microsoft.com/developer/msbuild/2003">
  <ItemGroup>
    <Filter Include="d3dkrnl">
      <UniqueIdentifier>{4f3eb168-3530-42f5-9b2b-a721ff98b7eb}</UniqueIdentifier>
    </Filter>
    <Filter Include="Headers">
      <UniqueIdentifier>{93995380-89BD-4b04-88EB-625FBE52EBFB}</UniqueIdentifier>
      <Extensions>h;hh;hpp;hxx;h++;hm;inl;inc;ipp;xsd</Extensions>
    </Filter>
    <Filter Include="Resources">
      <UniqueIdentifier>{67DA6AB6-F800-4c08-8B7A-83BB121AAD01}</UniqueIdentifier>
      <Extensions>rc;ico;cur;bmp;dlg;rc2;rct;bin;rgs;gif;jpg;jpeg;jpe;resx;tiff;tif;png;wav;mfcribbon-ms</Extensions>
    </Filter>
    <Filter Include="Sources">
      <UniqueIdentifier>{4FC737F1-C7A5-4376-A066-2A32D752A2FF}</UniqueIdentifier>
      <Extensions>cpp;c;cc;cxx;c++;cppm;ixx;def;odl;idl;hpj;bat;asm;asmx</Extensions>
    </Filter>
  </ItemGroup>
  <ItemGroup>
    <None Include="dxgi.def">
      <Filter>Sources</Filter>
    </None>
  </ItemGroup>
  <ItemGroup>
    <ClInclude Include="dxgifactory.h">
      <Filter>Headers</Filter>
    </ClInclude>
    <ClInclude Include="pch.h">
      <Filter>Headers</Filter>
    </ClInclude>
    <ClInclude Include="dxgiobject.h">
      <Filter>Headers</Filter>
    </ClInclude>
    <ClInclude Include="dxgiadapter.h">
      <Filter>Headers</Filter>
    </ClInclude>
    <ClInclude Include="dxgidevice.h">
      <Filter>Headers</Filter>
    </ClInclude>
    <ClInclude Include="dxgioutput.h">
      <Filter>Headers</Filter>
    </ClInclude>
    <ClInclude Include="dxgikeyedmutex.h">
      <Filter>Headers</Filter>
    </ClInclude>
    <ClInclude Include="dxgidevicesubobject.h">
      <Filter>Headers</Filter>
    </ClInclude>
    <ClInclude Include="dxgiresource.h">
      <Filter>Headers</Filter>
    </ClInclude>
    <ClInclude Include="dxgisurface.h">
      <Filter>Headers</Filter>
    </ClInclude>
    <ClInclude Include="dxgiswapchain.h">
      <Filter>Headers</Filter>
    </ClInclude>
    <ClInclude Include="resource.h">
      <Filter>Resources</Filter>
    </ClInclude>
    <ClInclude Include="psdk\d3dkmdt.h">
      <Filter>d3dkrnl</Filter>
    </ClInclude>
    <ClInclude Include="psdk\d3dkmthk.h">
      <Filter>d3dkrnl</Filter>
    </ClInclude>
    <ClInclude Include="psdk\d3dukmdt.h">
      <Filter>d3dkrnl</Filter>
    </ClInclude>
    <ClInclude Include="dllmain.h">
      <Filter>Headers</Filter>
    </ClInclude>
    <ClInclude Include="impcb.h">
      <Filter>Headers</Filter>
    </ClInclude>
    <ClInclude Include="dxgitypes.h">
      <Filter>Headers</Filter>
    </ClInclude>
    <ClInclude Include="utils.h">
      <Filter>Headers</Filter>
    </ClInclude>
  </ItemGroup>
  <ItemGroup>
    <ClCompile Include="dxgifactory.cpp">
      <Filter>Sources</Filter>
    </ClCompile>
    <ClCompile Include="dxgiadapter.cpp">
      <Filter>Sources</Filter>
    </ClCompile>
    <ClCompile Include="dxgidevice.cpp">
      <Filter>Sources</Filter>
    </ClCompile>
    <ClCompile Include="dxgioutput.cpp">
      <Filter>Sources</Filter>
    </ClCompile>
    <ClCompile Include="dxgikeyedmutex.cpp">
      <Filter>Sources</Filter>
    </ClCompile>
    <ClCompile Include="dxgiresource.cpp">
      <Filter>Sources</Filter>
    </ClCompile>
    <ClCompile Include="dxgisurface.cpp">
      <Filter>Sources</Filter>
    </ClCompile>
    <ClCompile Include="dxgiswapchain.cpp">
      <Filter>Sources</Filter>
    </ClCompile>
    <ClCompile Include="dllmain.cpp">
      <Filter>Sources</Filter>
    </ClCompile>
    <ClCompile Include="guids.cpp">
      <Filter>Sources</Filter>
    </ClCompile>
    <ClCompile Include="utils.cpp">
      <Filter>Sources</Filter>
    </ClCompile>
  </ItemGroup>
  <ItemGroup>
    <ResourceCompile Include="Resource.rc">
      <Filter>Resources</Filter>
    </ResourceCompile>
  </ItemGroup>
</Project>