<?xml version="1.0" encoding="utf-8"?>
<Project ToolsVersion="4.0" xmlns="http://schemas.microsoft.com/developer/msbuild/2003">
  <ItemGroup>
    <Filter Include="Headers">
      <UniqueIdentifier>{93995380-89BD-4b04-88EB-625FBE52EBFB}</UniqueIdentifier>
      <Extensions>h;hh;hpp;hxx;h++;hm;inl;inc;ipp;xsd</Extensions>
    </Filter>
    <Filter Include="Sources">
      <UniqueIdentifier>{4FC737F1-C7A5-4376-A066-2A32D752A2FF}</UniqueIdentifier>
      <Extensions>cpp;c;cc;cxx;c++;cppm;ixx;def;odl;idl;hpj;bat;asm;asmx</Extensions>
    </Filter>
  </ItemGroup>
  <ItemGroup>
    <ClInclude Include="dxgifactory.h">
      <Filter>Headers</Filter>
    </ClInclude>
    <ClInclude Include="pch.h">
      <Filter>Headers</Filter>
    </ClInclude>
    <ClInclude Include="dxgiobject.h">
      <Filter>Headers</Filter>
    </ClInclude>
    <ClInclude Include="dxgiadapter.h">
      <Filter>Headers</Filter>
    </ClInclude>
    <ClInclude Include="dxgioutput.h">
      <Filter>Headers</Filter>
    </ClInclude>
    <ClInclude Include="dxgiswapchain.h">
      <Filter>Headers</Filter>
    </ClInclude>
    <ClInclude Include="dllmain.h">
      <Filter>Headers</Filter>
    </ClInclude>
    <ClInclude Include="impcb.h">
      <Filter>Headers</Filter>
    </ClInclude>
    <ClInclude Include="utils.h">
      <Filter>Headers</Filter>
    </ClInclude>
    <ClInclude Include="thunkloader.h">
      <Filter>Headers</Filter>
    </ClInclude>
  </ItemGroup>
  <ItemGroup>
    <ClCompile Include="dxgifactory.cpp">
      <Filter>Sources</Filter>
    </ClCompile>
    <ClCompile Include="dxgiadapter.cpp">
      <Filter>Sources</Filter>
    </ClCompile>
    <ClCompile Include="dxgioutput.cpp">
      <Filter>Sources</Filter>
    </ClCompile>
    <ClCompile Include="dxgiswapchain.cpp">
      <Filter>Sources</Filter>
    </ClCompile>
    <ClCompile Include="dllmain.cpp">
      <Filter>Sources</Filter>
    </ClCompile>
    <ClCompile Include="utils.cpp">
      <Filter>Sources</Filter>
    </ClCompile>
    <ClCompile Include="d3dkmtstubs.cpp">
      <Filter>Sources</Filter>
    </ClCompile>
    <ClCompile Include="pch.cpp">
      <Filter>Sources</Filter>
    </ClCompile>
  </ItemGroup>
  <ItemGroup>
    <None Include="dxgi.def">
      <Filter>Sources</Filter>
    </None>
  </ItemGroup>
  <ItemGroup>
    <ResourceCompile Include="dxgi.rc">
      <Filter>Sources</Filter>
    </ResourceCompile>
  </ItemGroup>
</Project>