<?xml version="1.0" encoding="utf-8"?>
<Project ToolsVersion="4.0" xmlns="http://schemas.microsoft.com/developer/msbuild/2003">
  <ItemGroup>
    <ClCompile Include="guids.cpp" />
    <ClCompile Include="dlldata.c">
      <Filter>generated</Filter>
    </ClCompile>
    <ClCompile Include="dxgidwm_i.c">
      <Filter>generated</Filter>
    </ClCompile>
    <ClCompile Include="dxgidwm_p.c">
      <Filter>generated</Filter>
    </ClCompile>
    <ClCompile Include="dxgipartner_i.c">
      <Filter>generated</Filter>
    </ClCompile>
    <ClCompile Include="dxgipartner_p.c">
      <Filter>generated</Filter>
    </ClCompile>
    <ClCompile Include="dxgiternl_i.c">
      <Filter>generated</Filter>
    </ClCompile>
    <ClCompile Include="dxgiternl_p.c">
      <Filter>generated</Filter>
    </ClCompile>
    <ClCompile Include="dxgixaml_i.c">
      <Filter>generated</Filter>
    </ClCompile>
    <ClCompile Include="dxgixaml_p.c">
      <Filter>generated</Filter>
    </ClCompile>
    <ClCompile Include="usecounted_i.c">
      <Filter>generated</Filter>
    </ClCompile>
    <ClCompile Include="usecounted_p.c">
      <Filter>generated</Filter>
    </ClCompile>
    <ClCompile Include="lockowner_i.c">
      <Filter>generated</Filter>
    </ClCompile>
    <ClCompile Include="lockowner_p.c">
      <Filter>generated</Filter>
    </ClCompile>
    <ClCompile Include="dxdiag_private_i.c">
      <Filter>generated</Filter>
    </ClCompile>
    <ClCompile Include="dxdiag_private_p.c">
      <Filter>generated</Filter>
    </ClCompile>
  </ItemGroup>
  <ItemGroup>
    <Midl Include="dxgidwm.idl" />
    <Midl Include="dxgiternl.idl" />
    <Midl Include="usecounted.idl" />
    <Midl Include="dxgipartner.idl" />
    <Midl Include="dxgixaml.idl" />
    <Midl Include="lockowner.idl" />
    <Midl Include="dxdiag_private.idl" />
  </ItemGroup>
  <ItemGroup>
    <Filter Include="generated">
      <UniqueIdentifier>{4bdeeb51-833d-45dc-b971-e74f90bc2213}</UniqueIdentifier>
    </Filter>
  </ItemGroup>
  <ItemGroup>
    <ClInclude Include="dxgidwm.h">
      <Filter>generated</Filter>
    </ClInclude>
    <ClInclude Include="dxgipartner.h">
      <Filter>generated</Filter>
    </ClInclude>
    <ClInclude Include="dxgiternl.h">
      <Filter>generated</Filter>
    </ClInclude>
    <ClInclude Include="dxgixaml.h">
      <Filter>generated</Filter>
    </ClInclude>
    <ClInclude Include="usecounted.h">
      <Filter>generated</Filter>
    </ClInclude>
    <ClInclude Include="lockowner.h">
      <Filter>generated</Filter>
    </ClInclude>
    <ClInclude Include="dxdiag_private.h">
      <Filter>generated</Filter>
    </ClInclude>
  </ItemGroup>
</Project>